
Microsoft Visual Studio Solution File, Format Version 12.00
# Visual Studio Version 17
VisualStudioVersion = 17.6.33815.320
MinimumVisualStudioVersion = 10.0.40219.1
Project("{9A19103F-16F7-4668-BE54-9A1E7A4F7556}") = "Person_Project", "Person Project\Person_Project.csproj", "{7D50FF4E-C25F-416F-BB1F-142666166064}"
EndProject
Project("{9A19103F-16F7-4668-BE54-9A1E7A4F7556}") = "ClassLibrary.Model", "ClassLibrary.Model\ClassLibrary.Model.csproj", "{C2A32307-31AA-4484-BFA4-DA415AC66FCB}"
EndProject
Global
	GlobalSection(SolutionConfigurationPlatforms) = preSolution
		Debug|Any CPU = Debug|Any CPU
		Release|Any CPU = Release|Any CPU
	EndGlobalSection
	GlobalSection(ProjectConfigurationPlatforms) = postSolution
		{7D50FF4E-C25F-416F-BB1F-142666166064}.Debug|Any CPU.ActiveCfg = Debug|Any CPU
		{7D50FF4E-C25F-416F-BB1F-142666166064}.Debug|Any CPU.Build.0 = Debug|Any CPU
		{7D50FF4E-C25F-416F-BB1F-142666166064}.Release|Any CPU.ActiveCfg = Release|Any CPU
		{7D50FF4E-C25F-416F-BB1F-142666166064}.Release|Any CPU.Build.0 = Release|Any CPU
		{C2A32307-31AA-4484-BFA4-DA415AC66FCB}.Debug|Any CPU.ActiveCfg = Debug|Any CPU
		{C2A32307-31AA-4484-BFA4-DA415AC66FCB}.Debug|Any CPU.Build.0 = Debug|Any CPU
		{C2A32307-31AA-4484-BFA4-DA415AC66FCB}.Release|Any CPU.ActiveCfg = Release|Any CPU
		{C2A32307-31AA-4484-BFA4-DA415AC66FCB}.Release|Any CPU.Build.0 = Release|Any CPU
	EndGlobalSection
	GlobalSection(SolutionProperties) = preSolution
		HideSolutionNode = FALSE
	EndGlobalSection
	GlobalSection(ExtensibilityGlobals) = postSolution
		SolutionGuid = {050341E8-946B-435B-8BAC-B11DB8ED7EF4}
	EndGlobalSection
EndGlobal
